
Microsoft Visual Studio Solution File, Format Version 12.00
# Visual Studio Version 16
VisualStudioVersion = 16.0.29001.49
MinimumVisualStudioVersion = 10.0.40219.1
Project("{FAE04EC0-301F-11D3-BF4B-00C04F79EFBC}") = "EmpaticaBLEClient", "EmpaticaBLEClient.csproj", "{D4B6DAE7-C526-4740-BBE8-C19EA1E59A09}"
EndProject
Global
	GlobalSection(SolutionConfigurationPlatforms) = preSolution
		Debug|Any CPU = Debug|Any CPU
		Release|Any CPU = Release|Any CPU
	EndGlobalSection
	GlobalSection(ProjectConfigurationPlatforms) = postSolution
		{D4B6DAE7-C526-4740-BBE8-C19EA1E59A09}.Debug|Any CPU.ActiveCfg = Debug|Any CPU
		{D4B6DAE7-C526-4740-BBE8-C19EA1E59A09}.Debug|Any CPU.Build.0 = Debug|Any CPU
		{D4B6DAE7-C526-4740-BBE8-C19EA1E59A09}.Release|Any CPU.ActiveCfg = Release|Any CPU
		{D4B6DAE7-C526-4740-BBE8-C19EA1E59A09}.Release|Any CPU.Build.0 = Release|Any CPU
	EndGlobalSection
	GlobalSection(SolutionProperties) = preSolution
		HideSolutionNode = FALSE
	EndGlobalSection
	GlobalSection(ExtensibilityGlobals) = postSolution
		SolutionGuid = {43159296-2987-48D6-B025-00D0CA1B1C5E}
	EndGlobalSection
EndGlobal
